
Microsoft Visual Studio Solution File, Format Version 12.00
# Visual Studio Version 17
VisualStudioVersion = 17.9.34723.18
MinimumVisualStudioVersion = 10.0.40219.1
Project("{9A19103F-16F7-4668-BE54-9A1E7A4F7556}") = "ProductManagementSystemApi", "ProductManagementSystemApi\ProductManagementSystemApi.csproj", "{33C35C39-7D88-423E-BF99-BA1448A4614D}"
EndProject
Project("{FAE04EC0-301F-11D3-BF4B-00C04F79EFBC}") = "ProductManagementSystemAPITest", "ProductManagementSystemAPITest\ProductManagementSystemAPITest.csproj", "{ECE40D87-7458-41C9-B7DB-8AEAA899EDF3}"
EndProject
Global
	GlobalSection(SolutionConfigurationPlatforms) = preSolution
		Debug|Any CPU = Debug|Any CPU
		Release|Any CPU = Release|Any CPU
	EndGlobalSection
	GlobalSection(ProjectConfigurationPlatforms) = postSolution
		{33C35C39-7D88-423E-BF99-BA1448A4614D}.Debug|Any CPU.ActiveCfg = Debug|Any CPU
		{33C35C39-7D88-423E-BF99-BA1448A4614D}.Debug|Any CPU.Build.0 = Debug|Any CPU
		{33C35C39-7D88-423E-BF99-BA1448A4614D}.Release|Any CPU.ActiveCfg = Release|Any CPU
		{33C35C39-7D88-423E-BF99-BA1448A4614D}.Release|Any CPU.Build.0 = Release|Any CPU
		{ECE40D87-7458-41C9-B7DB-8AEAA899EDF3}.Debug|Any CPU.ActiveCfg = Debug|Any CPU
		{ECE40D87-7458-41C9-B7DB-8AEAA899EDF3}.Debug|Any CPU.Build.0 = Debug|Any CPU
		{ECE40D87-7458-41C9-B7DB-8AEAA899EDF3}.Release|Any CPU.ActiveCfg = Release|Any CPU
		{ECE40D87-7458-41C9-B7DB-8AEAA899EDF3}.Release|Any CPU.Build.0 = Release|Any CPU
	EndGlobalSection
	GlobalSection(SolutionProperties) = preSolution
		HideSolutionNode = FALSE
	EndGlobalSection
	GlobalSection(ExtensibilityGlobals) = postSolution
		SolutionGuid = {370955C8-B22C-4DCB-99C9-80B64DE72D1C}
	EndGlobalSection
EndGlobal
